
Microsoft Visual Studio Solution File, Format Version 12.00
# Visual Studio Version 17
VisualStudioVersion = 17.8.34322.80
MinimumVisualStudioVersion = 10.0.40219.1
Project("{FAE04EC0-301F-11D3-BF4B-00C04F79EFBC}") = "laba9", "laba9\laba9.csproj", "{181C620D-6C10-4AFC-9A4A-AEE3F2061590}"
EndProject
Global
	GlobalSection(SolutionConfigurationPlatforms) = preSolution
		Debug|Any CPU = Debug|Any CPU
		Release|Any CPU = Release|Any CPU
	EndGlobalSection
	GlobalSection(ProjectConfigurationPlatforms) = postSolution
		{181C620D-6C10-4AFC-9A4A-AEE3F2061590}.Debug|Any CPU.ActiveCfg = Debug|Any CPU
		{181C620D-6C10-4AFC-9A4A-AEE3F2061590}.Debug|Any CPU.Build.0 = Debug|Any CPU
		{181C620D-6C10-4AFC-9A4A-AEE3F2061590}.Release|Any CPU.ActiveCfg = Release|Any CPU
		{181C620D-6C10-4AFC-9A4A-AEE3F2061590}.Release|Any CPU.Build.0 = Release|Any CPU
	EndGlobalSection
	GlobalSection(SolutionProperties) = preSolution
		HideSolutionNode = FALSE
	EndGlobalSection
	GlobalSection(ExtensibilityGlobals) = postSolution
		SolutionGuid = {45D29D9D-ADEB-437A-832E-B7197E2AE7B4}
	EndGlobalSection
EndGlobal
